// !$*UTF8*$!
{
	archiveVersion = 1;
	classes = {
	};
	objectVersion = 50;
	objects = {

/* Begin PBXBuildFile section */
		784A22EB25AF23D100613053 /* ContentView.swift in Sources */ = {isa = PBXBuildFile; fileRef = 784A22EA25AF23D100613053 /* ContentView.swift */; };
		784A22EE25AF23E700613053 /* ContentView.xib in Resources */ = {isa = PBXBuildFile; fileRef = 784A22ED25AF23E700613053 /* ContentView.xib */; };
		784A22F525AF29F400613053 /* Roboto-Light.ttf in Resources */ = {isa = PBXBuildFile; fileRef = 784A22F225AF291B00613053 /* Roboto-Light.ttf */; };
		784A22F825AF2AA400613053 /* Oswald-Medium.ttf in Resources */ = {isa = PBXBuildFile; fileRef = 784A22F725AF2AA100613053 /* Oswald-Medium.ttf */; };
		787E9C4625A45747006E4D0A /* AppDelegate.swift in Sources */ = {isa = PBXBuildFile; fileRef = 787E9C4525A45747006E4D0A /* AppDelegate.swift */; };
		787E9C4825A45747006E4D0A /* SceneDelegate.swift in Sources */ = {isa = PBXBuildFile; fileRef = 787E9C4725A45747006E4D0A /* SceneDelegate.swift */; };
		787E9C4A25A45747006E4D0A /* ViewController.swift in Sources */ = {isa = PBXBuildFile; fileRef = 787E9C4925A45747006E4D0A /* ViewController.swift */; };
		787E9C4D25A45747006E4D0A /* Main.storyboard in Resources */ = {isa = PBXBuildFile; fileRef = 787E9C4B25A45747006E4D0A /* Main.storyboard */; };
		787E9C4F25A45749006E4D0A /* Assets.xcassets in Resources */ = {isa = PBXBuildFile; fileRef = 787E9C4E25A45749006E4D0A /* Assets.xcassets */; };
		787E9C5225A45749006E4D0A /* LaunchScreen.storyboard in Resources */ = {isa = PBXBuildFile; fileRef = 787E9C5025A45749006E4D0A /* LaunchScreen.storyboard */; };
		787E9CC125A4912A006E4D0A /* LaunchViewController.swift in Sources */ = {isa = PBXBuildFile; fileRef = 787E9CC025A4912A006E4D0A /* LaunchViewController.swift */; };
		787E9CC425A49C4A006E4D0A /* IntoductionViewController.swift in Sources */ = {isa = PBXBuildFile; fileRef = 787E9CC325A49C4A006E4D0A /* IntoductionViewController.swift */; };
		78D66BF325A775E9009AE6D9 /* AuthViewController.swift in Sources */ = {isa = PBXBuildFile; fileRef = 78D66BF225A775E9009AE6D9 /* AuthViewController.swift */; };
		78DE344E25A8A1E6004A9F77 /* SignUPViewController.swift in Sources */ = {isa = PBXBuildFile; fileRef = 78DE344C25A8A1E6004A9F77 /* SignUPViewController.swift */; };
		78DE344F25A8A1E6004A9F77 /* SignUPViewController.xib in Resources */ = {isa = PBXBuildFile; fileRef = 78DE344D25A8A1E6004A9F77 /* SignUPViewController.xib */; };
		78DE345325A8A58A004A9F77 /* LoginViewController.swift in Sources */ = {isa = PBXBuildFile; fileRef = 78DE345125A8A58A004A9F77 /* LoginViewController.swift */; };
		78DE345425A8A58A004A9F77 /* LoginViewController.xib in Resources */ = {isa = PBXBuildFile; fileRef = 78DE345225A8A58A004A9F77 /* LoginViewController.xib */; };
		78DE345825AB71EE004A9F77 /* WizardViewController.swift in Sources */ = {isa = PBXBuildFile; fileRef = 78DE345725AB71EE004A9F77 /* WizardViewController.swift */; };
/* End PBXBuildFile section */

/* Begin PBXFileReference section */
		784A22EA25AF23D100613053 /* ContentView.swift */ = {isa = PBXFileReference; lastKnownFileType = sourcecode.swift; path = ContentView.swift; sourceTree = "<group>"; };
		784A22ED25AF23E700613053 /* ContentView.xib */ = {isa = PBXFileReference; lastKnownFileType = file.xib; path = ContentView.xib; sourceTree = "<group>"; };
		784A22F225AF291B00613053 /* Roboto-Light.ttf */ = {isa = PBXFileReference; lastKnownFileType = file; name = "Roboto-Light.ttf"; path = "../../../../../Downloads/Roboto/Roboto-Light.ttf"; sourceTree = "<group>"; };
		784A22F725AF2AA100613053 /* Oswald-Medium.ttf */ = {isa = PBXFileReference; lastKnownFileType = file; name = "Oswald-Medium.ttf"; path = "../../../../../Downloads/Oswald/static/Oswald-Medium.ttf"; sourceTree = "<group>"; };
		787E9C4225A45747006E4D0A /* Fitgoal.app */ = {isa = PBXFileReference; explicitFileType = wrapper.application; includeInIndex = 0; path = Fitgoal.app; sourceTree = BUILT_PRODUCTS_DIR; };
		787E9C4525A45747006E4D0A /* AppDelegate.swift */ = {isa = PBXFileReference; lastKnownFileType = sourcecode.swift; path = AppDelegate.swift; sourceTree = "<group>"; };
		787E9C4725A45747006E4D0A /* SceneDelegate.swift */ = {isa = PBXFileReference; lastKnownFileType = sourcecode.swift; path = SceneDelegate.swift; sourceTree = "<group>"; };
		787E9C4925A45747006E4D0A /* ViewController.swift */ = {isa = PBXFileReference; lastKnownFileType = sourcecode.swift; path = ViewController.swift; sourceTree = "<group>"; };
		787E9C4C25A45747006E4D0A /* Base */ = {isa = PBXFileReference; lastKnownFileType = file.storyboard; name = Base; path = Base.lproj/Main.storyboard; sourceTree = "<group>"; };
		787E9C4E25A45749006E4D0A /* Assets.xcassets */ = {isa = PBXFileReference; lastKnownFileType = folder.assetcatalog; path = Assets.xcassets; sourceTree = "<group>"; };
		787E9C5125A45749006E4D0A /* Base */ = {isa = PBXFileReference; lastKnownFileType = file.storyboard; name = Base; path = Base.lproj/LaunchScreen.storyboard; sourceTree = "<group>"; };
		787E9C5325A45749006E4D0A /* Info.plist */ = {isa = PBXFileReference; lastKnownFileType = text.plist.xml; path = Info.plist; sourceTree = "<group>"; };
		787E9CC025A4912A006E4D0A /* LaunchViewController.swift */ = {isa = PBXFileReference; lastKnownFileType = sourcecode.swift; path = LaunchViewController.swift; sourceTree = "<group>"; };
		787E9CC325A49C4A006E4D0A /* IntoductionViewController.swift */ = {isa = PBXFileReference; lastKnownFileType = sourcecode.swift; path = IntoductionViewController.swift; sourceTree = "<group>"; };
		78D66BF225A775E9009AE6D9 /* AuthViewController.swift */ = {isa = PBXFileReference; lastKnownFileType = sourcecode.swift; path = AuthViewController.swift; sourceTree = "<group>"; };
		78DE344C25A8A1E6004A9F77 /* SignUPViewController.swift */ = {isa = PBXFileReference; lastKnownFileType = sourcecode.swift; path = SignUPViewController.swift; sourceTree = "<group>"; };
		78DE344D25A8A1E6004A9F77 /* SignUPViewController.xib */ = {isa = PBXFileReference; lastKnownFileType = file.xib; path = SignUPViewController.xib; sourceTree = "<group>"; };
		78DE345125A8A58A004A9F77 /* LoginViewController.swift */ = {isa = PBXFileReference; lastKnownFileType = sourcecode.swift; path = LoginViewController.swift; sourceTree = "<group>"; };
		78DE345225A8A58A004A9F77 /* LoginViewController.xib */ = {isa = PBXFileReference; lastKnownFileType = file.xib; path = LoginViewController.xib; sourceTree = "<group>"; };
		78DE345725AB71EE004A9F77 /* WizardViewController.swift */ = {isa = PBXFileReference; lastKnownFileType = sourcecode.swift; path = WizardViewController.swift; sourceTree = "<group>"; };
/* End PBXFileReference section */

/* Begin PBXFrameworksBuildPhase section */
		787E9C3F25A45747006E4D0A /* Frameworks */ = {
			isa = PBXFrameworksBuildPhase;
			buildActionMask = 2147483647;
			files = (
			);
			runOnlyForDeploymentPostprocessing = 0;
		};
/* End PBXFrameworksBuildPhase section */

/* Begin PBXGroup section */
		784A22F025AF28DA00613053 /* fonts */ = {
			isa = PBXGroup;
			children = (
				784A22F225AF291B00613053 /* Roboto-Light.ttf */,
				784A22F725AF2AA100613053 /* Oswald-Medium.ttf */,
			);
			path = fonts;
			sourceTree = "<group>";
		};
		787E9C3925A45747006E4D0A = {
			isa = PBXGroup;
			children = (
				787E9C4425A45747006E4D0A /* Fitgoal */,
				787E9C4325A45747006E4D0A /* Products */,
			);
			sourceTree = "<group>";
		};
		787E9C4325A45747006E4D0A /* Products */ = {
			isa = PBXGroup;
			children = (
				787E9C4225A45747006E4D0A /* Fitgoal.app */,
			);
			name = Products;
			sourceTree = "<group>";
		};
		787E9C4425A45747006E4D0A /* Fitgoal */ = {
			isa = PBXGroup;
			children = (
				787E9C4525A45747006E4D0A /* AppDelegate.swift */,
				787E9C4725A45747006E4D0A /* SceneDelegate.swift */,
				787E9C4925A45747006E4D0A /* ViewController.swift */,
				787E9C5F25A45CBE006E4D0A /* Views */,
				787E9C5325A45749006E4D0A /* Info.plist */,
				787E9C4E25A45749006E4D0A /* Assets.xcassets */,
				784A22F025AF28DA00613053 /* fonts */,
			);
			path = Fitgoal;
			sourceTree = "<group>";
		};
		787E9C5F25A45CBE006E4D0A /* Views */ = {
			isa = PBXGroup;
			children = (
				787E9C5025A45749006E4D0A /* LaunchScreen.storyboard */,
				787E9C4B25A45747006E4D0A /* Main.storyboard */,
				7899332425AD9A9B00A0541A /* Flows */,
			);
			path = Views;
			sourceTree = "<group>";
		};
		7899332425AD9A9B00A0541A /* Flows */ = {
			isa = PBXGroup;
			children = (
				7899332625AD9ABC00A0541A /* Splash */,
				7899332725AD9ACD00A0541A /* Onboarding */,
				7899332825AD9B5700A0541A /* Auth */,
				7899332925AD9BB900A0541A /* Wizard */,
			);
			path = Flows;
			sourceTree = "<group>";
		};
		7899332625AD9ABC00A0541A /* Splash */ = {
			isa = PBXGroup;
			children = (
				787E9CC025A4912A006E4D0A /* LaunchViewController.swift */,
			);
			path = Splash;
			sourceTree = "<group>";
		};
		7899332725AD9ACD00A0541A /* Onboarding */ = {
			isa = PBXGroup;
			children = (
				787E9CC325A49C4A006E4D0A /* IntoductionViewController.swift */,
				784A22EA25AF23D100613053 /* ContentView.swift */,
				784A22ED25AF23E700613053 /* ContentView.xib */,
			);
			path = Onboarding;
			sourceTree = "<group>";
		};
		7899332825AD9B5700A0541A /* Auth */ = {
			isa = PBXGroup;
			children = (
				78D66BF225A775E9009AE6D9 /* AuthViewController.swift */,
				78DE344C25A8A1E6004A9F77 /* SignUPViewController.swift */,
				78DE345125A8A58A004A9F77 /* LoginViewController.swift */,
				78DE345225A8A58A004A9F77 /* LoginViewController.xib */,
				78DE344D25A8A1E6004A9F77 /* SignUPViewController.xib */,
			);
			path = Auth;
			sourceTree = "<group>";
		};
		7899332925AD9BB900A0541A /* Wizard */ = {
			isa = PBXGroup;
			children = (
				78DE345725AB71EE004A9F77 /* WizardViewController.swift */,
			);
			path = Wizard;
			sourceTree = "<group>";
		};
/* End PBXGroup section */

/* Begin PBXNativeTarget section */
		787E9C4125A45747006E4D0A /* Fitgoal */ = {
			isa = PBXNativeTarget;
			buildConfigurationList = 787E9C5625A45749006E4D0A /* Build configuration list for PBXNativeTarget "Fitgoal" */;
			buildPhases = (
				787E9C3E25A45747006E4D0A /* Sources */,
				787E9C3F25A45747006E4D0A /* Frameworks */,
				787E9C4025A45747006E4D0A /* Resources */,
			);
			buildRules = (
			);
			dependencies = (
			);
			name = Fitgoal;
			productName = Fitgoal;
			productReference = 787E9C4225A45747006E4D0A /* Fitgoal.app */;
			productType = "com.apple.product-type.application";
		};
/* End PBXNativeTarget section */

/* Begin PBXProject section */
		787E9C3A25A45747006E4D0A /* Project object */ = {
			isa = PBXProject;
			attributes = {
				LastSwiftUpdateCheck = 1230;
				LastUpgradeCheck = 1230;
				TargetAttributes = {
					787E9C4125A45747006E4D0A = {
						CreatedOnToolsVersion = 12.3;
					};
				};
			};
			buildConfigurationList = 787E9C3D25A45747006E4D0A /* Build configuration list for PBXProject "Fitgoal" */;
			compatibilityVersion = "Xcode 9.3";
			developmentRegion = en;
			hasScannedForEncodings = 0;
			knownRegions = (
				en,
				Base,
			);
			mainGroup = 787E9C3925A45747006E4D0A;
			productRefGroup = 787E9C4325A45747006E4D0A /* Products */;
			projectDirPath = "";
			projectRoot = "";
			targets = (
				787E9C4125A45747006E4D0A /* Fitgoal */,
			);
		};
/* End PBXProject section */

/* Begin PBXResourcesBuildPhase section */
		787E9C4025A45747006E4D0A /* Resources */ = {
			isa = PBXResourcesBuildPhase;
			buildActionMask = 2147483647;
			files = (
				78DE345425A8A58A004A9F77 /* LoginViewController.xib in Resources */,
				787E9C5225A45749006E4D0A /* LaunchScreen.storyboard in Resources */,
				787E9C4F25A45749006E4D0A /* Assets.xcassets in Resources */,
				78DE344F25A8A1E6004A9F77 /* SignUPViewController.xib in Resources */,
				784A22EE25AF23E700613053 /* ContentView.xib in Resources */,
				784A22F825AF2AA400613053 /* Oswald-Medium.ttf in Resources */,
				784A22F525AF29F400613053 /* Roboto-Light.ttf in Resources */,
				787E9C4D25A45747006E4D0A /* Main.storyboard in Resources */,
			);
			runOnlyForDeploymentPostprocessing = 0;
		};
/* End PBXResourcesBuildPhase section */

/* Begin PBXSourcesBuildPhase section */
		787E9C3E25A45747006E4D0A /* Sources */ = {
			isa = PBXSourcesBuildPhase;
			buildActionMask = 2147483647;
			files = (
				78DE345825AB71EE004A9F77 /* WizardViewController.swift in Sources */,
				787E9C4A25A45747006E4D0A /* ViewController.swift in Sources */,
				787E9C4625A45747006E4D0A /* AppDelegate.swift in Sources */,
				787E9C4825A45747006E4D0A /* SceneDelegate.swift in Sources */,
				787E9CC425A49C4A006E4D0A /* IntoductionViewController.swift in Sources */,
				78DE345325A8A58A004A9F77 /* LoginViewController.swift in Sources */,
				784A22EB25AF23D100613053 /* ContentView.swift in Sources */,
				78DE344E25A8A1E6004A9F77 /* SignUPViewController.swift in Sources */,
				78D66BF325A775E9009AE6D9 /* AuthViewController.swift in Sources */,
				787E9CC125A4912A006E4D0A /* LaunchViewController.swift in Sources */,
			);
			runOnlyForDeploymentPostprocessing = 0;
		};
/* End PBXSourcesBuildPhase section */

/* Begin PBXVariantGroup section */
		787E9C4B25A45747006E4D0A /* Main.storyboard */ = {
			isa = PBXVariantGroup;
			children = (
				787E9C4C25A45747006E4D0A /* Base */,
			);
			name = Main.storyboard;
			sourceTree = "<group>";
		};
		787E9C5025A45749006E4D0A /* LaunchScreen.storyboard */ = {
			isa = PBXVariantGroup;
			children = (
				787E9C5125A45749006E4D0A /* Base */,
			);
			name = LaunchScreen.storyboard;
			sourceTree = "<group>";
		};
/* End PBXVariantGroup section */

/* Begin XCBuildConfiguration section */
		787E9C5425A45749006E4D0A /* Debug */ = {
			isa = XCBuildConfiguration;
			buildSettings = {
				ALWAYS_SEARCH_USER_PATHS = NO;
				CLANG_ANALYZER_NONNULL = YES;
				CLANG_ANALYZER_NUMBER_OBJECT_CONVERSION = YES_AGGRESSIVE;
				CLANG_CXX_LANGUAGE_STANDARD = "gnu++14";
				CLANG_CXX_LIBRARY = "libc++";
				CLANG_ENABLE_MODULES = YES;
				CLANG_ENABLE_OBJC_ARC = YES;
				CLANG_ENABLE_OBJC_WEAK = YES;
				CLANG_WARN_BLOCK_CAPTURE_AUTORELEASING = YES;
				CLANG_WARN_BOOL_CONVERSION = YES;
				CLANG_WARN_COMMA = YES;
				CLANG_WARN_CONSTANT_CONVERSION = YES;
				CLANG_WARN_DEPRECATED_OBJC_IMPLEMENTATIONS = YES;
				CLANG_WARN_DIRECT_OBJC_ISA_USAGE = YES_ERROR;
				CLANG_WARN_DOCUMENTATION_COMMENTS = YES;
				CLANG_WARN_EMPTY_BODY = YES;
				CLANG_WARN_ENUM_CONVERSION = YES;
				CLANG_WARN_INFINITE_RECURSION = YES;
				CLANG_WARN_INT_CONVERSION = YES;
				CLANG_WARN_NON_LITERAL_NULL_CONVERSION = YES;
				CLANG_WARN_OBJC_IMPLICIT_RETAIN_SELF = YES;
				CLANG_WARN_OBJC_LITERAL_CONVERSION = YES;
				CLANG_WARN_OBJC_ROOT_CLASS = YES_ERROR;
				CLANG_WARN_QUOTED_INCLUDE_IN_FRAMEWORK_HEADER = YES;
				CLANG_WARN_RANGE_LOOP_ANALYSIS = YES;
				CLANG_WARN_STRICT_PROTOTYPES = YES;
				CLANG_WARN_SUSPICIOUS_MOVE = YES;
				CLANG_WARN_UNGUARDED_AVAILABILITY = YES_AGGRESSIVE;
				CLANG_WARN_UNREACHABLE_CODE = YES;
				CLANG_WARN__DUPLICATE_METHOD_MATCH = YES;
				COPY_PHASE_STRIP = NO;
				DEBUG_INFORMATION_FORMAT = dwarf;
				ENABLE_STRICT_OBJC_MSGSEND = YES;
				ENABLE_TESTABILITY = YES;
				GCC_C_LANGUAGE_STANDARD = gnu11;
				GCC_DYNAMIC_NO_PIC = NO;
				GCC_NO_COMMON_BLOCKS = YES;
				GCC_OPTIMIZATION_LEVEL = 0;
				GCC_PREPROCESSOR_DEFINITIONS = (
					"DEBUG=1",
					"$(inherited)",
				);
				GCC_WARN_64_TO_32_BIT_CONVERSION = YES;
				GCC_WARN_ABOUT_RETURN_TYPE = YES_ERROR;
				GCC_WARN_UNDECLARED_SELECTOR = YES;
				GCC_WARN_UNINITIALIZED_AUTOS = YES_AGGRESSIVE;
				GCC_WARN_UNUSED_FUNCTION = YES;
				GCC_WARN_UNUSED_VARIABLE = YES;
				IPHONEOS_DEPLOYMENT_TARGET = 14.3;
				MTL_ENABLE_DEBUG_INFO = INCLUDE_SOURCE;
				MTL_FAST_MATH = YES;
				ONLY_ACTIVE_ARCH = YES;
				SDKROOT = iphoneos;
				SWIFT_ACTIVE_COMPILATION_CONDITIONS = DEBUG;
				SWIFT_OPTIMIZATION_LEVEL = "-Onone";
			};
			name = Debug;
		};
		787E9C5525A45749006E4D0A /* Release */ = {
			isa = XCBuildConfiguration;
			buildSettings = {
				ALWAYS_SEARCH_USER_PATHS = NO;
				CLANG_ANALYZER_NONNULL = YES;
				CLANG_ANALYZER_NUMBER_OBJECT_CONVERSION = YES_AGGRESSIVE;
				CLANG_CXX_LANGUAGE_STANDARD = "gnu++14";
				CLANG_CXX_LIBRARY = "libc++";
				CLANG_ENABLE_MODULES = YES;
				CLANG_ENABLE_OBJC_ARC = YES;
				CLANG_ENABLE_OBJC_WEAK = YES;
				CLANG_WARN_BLOCK_CAPTURE_AUTORELEASING = YES;
				CLANG_WARN_BOOL_CONVERSION = YES;
				CLANG_WARN_COMMA = YES;
				CLANG_WARN_CONSTANT_CONVERSION = YES;
				CLANG_WARN_DEPRECATED_OBJC_IMPLEMENTATIONS = YES;
				CLANG_WARN_DIRECT_OBJC_ISA_USAGE = YES_ERROR;
				CLANG_WARN_DOCUMENTATION_COMMENTS = YES;
				CLANG_WARN_EMPTY_BODY = YES;
				CLANG_WARN_ENUM_CONVERSION = YES;
				CLANG_WARN_INFINITE_RECURSION = YES;
				CLANG_WARN_INT_CONVERSION = YES;
				CLANG_WARN_NON_LITERAL_NULL_CONVERSION = YES;
				CLANG_WARN_OBJC_IMPLICIT_RETAIN_SELF = YES;
				CLANG_WARN_OBJC_LITERAL_CONVERSION = YES;
				CLANG_WARN_OBJC_ROOT_CLASS = YES_ERROR;
				CLANG_WARN_QUOTED_INCLUDE_IN_FRAMEWORK_HEADER = YES;
				CLANG_WARN_RANGE_LOOP_ANALYSIS = YES;
				CLANG_WARN_STRICT_PROTOTYPES = YES;
				CLANG_WARN_SUSPICIOUS_MOVE = YES;
				CLANG_WARN_UNGUARDED_AVAILABILITY = YES_AGGRESSIVE;
				CLANG_WARN_UNREACHABLE_CODE = YES;
				CLANG_WARN__DUPLICATE_METHOD_MATCH = YES;
				COPY_PHASE_STRIP = NO;
				DEBUG_INFORMATION_FORMAT = "dwarf-with-dsym";
				ENABLE_NS_ASSERTIONS = NO;
				ENABLE_STRICT_OBJC_MSGSEND = YES;
				GCC_C_LANGUAGE_STANDARD = gnu11;
				GCC_NO_COMMON_BLOCKS = YES;
				GCC_WARN_64_TO_32_BIT_CONVERSION = YES;
				GCC_WARN_ABOUT_RETURN_TYPE = YES_ERROR;
				GCC_WARN_UNDECLARED_SELECTOR = YES;
				GCC_WARN_UNINITIALIZED_AUTOS = YES_AGGRESSIVE;
				GCC_WARN_UNUSED_FUNCTION = YES;
				GCC_WARN_UNUSED_VARIABLE = YES;
				IPHONEOS_DEPLOYMENT_TARGET = 14.3;
				MTL_ENABLE_DEBUG_INFO = NO;
				MTL_FAST_MATH = YES;
				SDKROOT = iphoneos;
				SWIFT_COMPILATION_MODE = wholemodule;
				SWIFT_OPTIMIZATION_LEVEL = "-O";
				VALIDATE_PRODUCT = YES;
			};
			name = Release;
		};
		787E9C5725A45749006E4D0A /* Debug */ = {
			isa = XCBuildConfiguration;
			buildSettings = {
				ASSETCATALOG_COMPILER_APPICON_NAME = AppIcon;
				ASSETCATALOG_COMPILER_GLOBAL_ACCENT_COLOR_NAME = AccentColor;
				CODE_SIGN_STYLE = Automatic;
				DEVELOPMENT_TEAM = R9T7ZT6456;
				INFOPLIST_FILE = Fitgoal/Info.plist;
				LD_RUNPATH_SEARCH_PATHS = (
					"$(inherited)",
					"@executable_path/Frameworks",
				);
				PRODUCT_BUNDLE_IDENTIFIER = RipeCode.Fitgoal;
				PRODUCT_NAME = "$(TARGET_NAME)";
				SWIFT_VERSION = 5.0;
				TARGETED_DEVICE_FAMILY = "1,2";
			};
			name = Debug;
		};
		787E9C5825A45749006E4D0A /* Release */ = {
			isa = XCBuildConfiguration;
			buildSettings = {
				ASSETCATALOG_COMPILER_APPICON_NAME = AppIcon;
				ASSETCATALOG_COMPILER_GLOBAL_ACCENT_COLOR_NAME = AccentColor;
				CODE_SIGN_STYLE = Automatic;
				DEVELOPMENT_TEAM = R9T7ZT6456;
				INFOPLIST_FILE = Fitgoal/Info.plist;
				LD_RUNPATH_SEARCH_PATHS = (
					"$(inherited)",
					"@executable_path/Frameworks",
				);
				PRODUCT_BUNDLE_IDENTIFIER = RipeCode.Fitgoal;
				PRODUCT_NAME = "$(TARGET_NAME)";
				SWIFT_VERSION = 5.0;
				TARGETED_DEVICE_FAMILY = "1,2";
			};
			name = Release;
		};
/* End XCBuildConfiguration section */

/* Begin XCConfigurationList section */
		787E9C3D25A45747006E4D0A /* Build configuration list for PBXProject "Fitgoal" */ = {
			isa = XCConfigurationList;
			buildConfigurations = (
				787E9C5425A45749006E4D0A /* Debug */,
				787E9C5525A45749006E4D0A /* Release */,
			);
			defaultConfigurationIsVisible = 0;
			defaultConfigurationName = Release;
		};
		787E9C5625A45749006E4D0A /* Build configuration list for PBXNativeTarget "Fitgoal" */ = {
			isa = XCConfigurationList;
			buildConfigurations = (
				787E9C5725A45749006E4D0A /* Debug */,
				787E9C5825A45749006E4D0A /* Release */,
			);
			defaultConfigurationIsVisible = 0;
			defaultConfigurationName = Release;
		};
/* End XCConfigurationList section */
	};
	rootObject = 787E9C3A25A45747006E4D0A /* Project object */;
}
